Microsoft Visual Studio Solution File, Format Version 12.00
# Visual Studio Version 17
VisualStudioVersion = 17.5.2.0
MinimumVisualStudioVersion = 10.0.40219.1
Project("{FAE04EC0-301F-11D3-BF4B-00C04F79EFBC}") = "WeatherApi", "api\WeatherApi.csproj", "{CDDC082D-EC69-6FA4-1D9E-4F668C3FA2A4}"
EndProject
Project("{FAE04EC0-301F-11D3-BF4B-00C04F79EFBC}") = "WeatherApi.Tests", "WeatherApi.Tests\WeatherApi.Tests.csproj", "{7EAA89A4-88A1-4724-BAC6-535C20277F59}"
EndProject
Global
	GlobalSection(SolutionConfigurationPlatforms) = preSolution
		Debug|Any CPU = Debug|Any CPU
		Release|Any CPU = Release|Any CPU
	EndGlobalSection
	GlobalSection(ProjectConfigurationPlatforms) = postSolution
		{CDDC082D-EC69-6FA4-1D9E-4F668C3FA2A4}.Debug|Any CPU.ActiveCfg = Debug|Any CPU
		{CDDC082D-EC69-6FA4-1D9E-4F668C3FA2A4}.Debug|Any CPU.Build.0 = Debug|Any CPU
		{CDDC082D-EC69-6FA4-1D9E-4F668C3FA2A4}.Release|Any CPU.ActiveCfg = Release|Any CPU
		{CDDC082D-EC69-6FA4-1D9E-4F668C3FA2A4}.Release|Any CPU.Build.0 = Release|Any CPU
		{7EAA89A4-88A1-4724-BAC6-535C20277F59}.Debug|Any CPU.ActiveCfg = Debug|Any CPU
		{7EAA89A4-88A1-4724-BAC6-535C20277F59}.Debug|Any CPU.Build.0 = Debug|Any CPU
		{7EAA89A4-88A1-4724-BAC6-535C20277F59}.Release|Any CPU.ActiveCfg = Release|Any CPU
		{7EAA89A4-88A1-4724-BAC6-535C20277F59}.Release|Any CPU.Build.0 = Release|Any CPU
	EndGlobalSection
	GlobalSection(SolutionProperties) = preSolution
		HideSolutionNode = FALSE
	EndGlobalSection
	GlobalSection(ExtensibilityGlobals) = postSolution
		SolutionGuid = {E198F8D6-A765-46AF-9BD0-9EF7F53BF8D8}
	EndGlobalSection
EndGlobal
